
Microsoft Visual Studio Solution File, Format Version 12.00
# Visual Studio Version 16
VisualStudioVersion = 16.0.33027.164
MinimumVisualStudioVersion = 10.0.40219.1
Project("{8BC9CEB8-8B4A-11D0-8D11-00A0C91BC942}") = "shudu", "shudu\shudu.vcxproj", "{BCD73122-90DB-43BD-9622-74C493900BFC}"
EndProject
Project("{8BC9CEB8-8B4A-11D0-8D11-00A0C91BC942}") = "UnitTest", "UnitTest\UnitTest.vcxproj", "{6373FCE5-5BC1-416B-910F-59BD6B301C9C}"
EndProject
Global
	GlobalSection(SolutionConfigurationPlatforms) = preSolution
		Debug|x64 = Debug|x64
		Debug|x86 = Debug|x86
		Release|x64 = Release|x64
		Release|x86 = Release|x86
	EndGlobalSection
	GlobalSection(ProjectConfigurationPlatforms) = postSolution
		{BCD73122-90DB-43BD-9622-74C493900BFC}.Debug|x64.ActiveCfg = Debug|x64
		{BCD73122-90DB-43BD-9622-74C493900BFC}.Debug|x64.Build.0 = Debug|x64
		{BCD73122-90DB-43BD-9622-74C493900BFC}.Debug|x86.ActiveCfg = Debug|Win32
		{BCD73122-90DB-43BD-9622-74C493900BFC}.Debug|x86.Build.0 = Debug|Win32
		{BCD73122-90DB-43BD-9622-74C493900BFC}.Release|x64.ActiveCfg = Release|x64
		{BCD73122-90DB-43BD-9622-74C493900BFC}.Release|x64.Build.0 = Release|x64
		{BCD73122-90DB-43BD-9622-74C493900BFC}.Release|x86.ActiveCfg = Release|Win32
		{BCD73122-90DB-43BD-9622-74C493900BFC}.Release|x86.Build.0 = Release|Win32
		{6373FCE5-5BC1-416B-910F-59BD6B301C9C}.Debug|x64.ActiveCfg = Debug|x64
		{6373FCE5-5BC1-416B-910F-59BD6B301C9C}.Debug|x64.Build.0 = Debug|x64
		{6373FCE5-5BC1-416B-910F-59BD6B301C9C}.Debug|x86.ActiveCfg = Debug|Win32
		{6373FCE5-5BC1-416B-910F-59BD6B301C9C}.Debug|x86.Build.0 = Debug|Win32
		{6373FCE5-5BC1-416B-910F-59BD6B301C9C}.Release|x64.ActiveCfg = Release|x64
		{6373FCE5-5BC1-416B-910F-59BD6B301C9C}.Release|x64.Build.0 = Release|x64
		{6373FCE5-5BC1-416B-910F-59BD6B301C9C}.Release|x86.ActiveCfg = Release|Win32
		{6373FCE5-5BC1-416B-910F-59BD6B301C9C}.Release|x86.Build.0 = Release|Win32
	EndGlobalSection
	GlobalSection(SolutionProperties) = preSolution
		HideSolutionNode = FALSE
	EndGlobalSection
	GlobalSection(ExtensibilityGlobals) = postSolution
		SolutionGuid = {F71D849F-1239-4993-B57D-07EF452A86B1}
	EndGlobalSection
EndGlobal
